
Microsoft Visual Studio Solution File, Format Version 12.00
# Visual Studio Version 17
VisualStudioVersion = 17.11.35208.52
MinimumVisualStudioVersion = 10.0.40219.1
Project("{2150E333-8FDC-42A3-9474-1A3956D46DE8}") = "Bootstrapper", "Bootstrapper", "{87DF6A3E-7DC7-4474-ADAE-63E099D14FBF}"
EndProject
Project("{2150E333-8FDC-42A3-9474-1A3956D46DE8}") = "Modules", "Modules", "{7FF92304-5EE4-45A5-AC0E-6818B97F6542}"
EndProject
Project("{2150E333-8FDC-42A3-9474-1A3956D46DE8}") = "Shared", "Shared", "{B8BCE8C2-8EF3-49F9-9B51-19B4EC8D83F0}"
EndProject
Project("{9A19103F-16F7-4668-BE54-9A1E7A4F7556}") = "API", "Bootstrapper\API\API.csproj", "{9B5FCD4F-CA59-4CC9-9A45-6C2FCB7A8C8B}"
EndProject
Project("{2150E333-8FDC-42A3-9474-1A3956D46DE8}") = "Catalog", "Catalog", "{211B21B1-4E97-4D5D-BB50-915A53B215FB}"
EndProject
Project("{2150E333-8FDC-42A3-9474-1A3956D46DE8}") = "Basket", "Basket", "{2651C983-D443-49BB-B1DF-FDB23BC897D5}"
EndProject
Project("{2150E333-8FDC-42A3-9474-1A3956D46DE8}") = "Ordering", "Ordering", "{8E00E4CB-6ADE-4D4B-BDA8-F61F44F51B49}"
EndProject
Project("{FAE04EC0-301F-11D3-BF4B-00C04F79EFBC}") = "Catalog", "Modules\Catalog\Catalog\Catalog.csproj", "{69769A23-0790-4405-9E88-9531D6E4D6EF}"
EndProject
Project("{FAE04EC0-301F-11D3-BF4B-00C04F79EFBC}") = "Basket", "Modules\Basket\Basket\Basket.csproj", "{A22CCB90-2B21-4800-A3A8-3EF60C046981}"
EndProject
Project("{FAE04EC0-301F-11D3-BF4B-00C04F79EFBC}") = "Ordering", "Modules\Ordering\Ordering\Ordering.csproj", "{DC97DFAB-36FA-4AC4-A9C7-82C0F32BE3D8}"
EndProject
Project("{FAE04EC0-301F-11D3-BF4B-00C04F79EFBC}") = "Shared", "Shared\Shared\Shared.csproj", "{A0B61663-3DF0-42E1-B359-F108FA532791}"
EndProject
Project("{2150E333-8FDC-42A3-9474-1A3956D46DE8}") = "Advanced_C_Sharp_Concept", "Advanced_C_Sharp_Concept", "{E6B735AE-D756-4BEA-A75B-A8B356560042}"
EndProject
Project("{FAE04EC0-301F-11D3-BF4B-00C04F79EFBC}") = "CSharpAdvancedConcepts", "Advanced_C_Sharp_Concept\CSharpAdvancedConcepts\CSharpAdvancedConcepts.csproj", "{7104A7E3-28BC-4F24-8F74-E0A96AEB6AE7}"
EndProject
Global
	GlobalSection(SolutionConfigurationPlatforms) = preSolution
		Debug|Any CPU = Debug|Any CPU
		Release|Any CPU = Release|Any CPU
	EndGlobalSection
	GlobalSection(ProjectConfigurationPlatforms) = postSolution
		{9B5FCD4F-CA59-4CC9-9A45-6C2FCB7A8C8B}.Debug|Any CPU.ActiveCfg = Debug|Any CPU
		{9B5FCD4F-CA59-4CC9-9A45-6C2FCB7A8C8B}.Debug|Any CPU.Build.0 = Debug|Any CPU
		{9B5FCD4F-CA59-4CC9-9A45-6C2FCB7A8C8B}.Release|Any CPU.ActiveCfg = Release|Any CPU
		{9B5FCD4F-CA59-4CC9-9A45-6C2FCB7A8C8B}.Release|Any CPU.Build.0 = Release|Any CPU
		{69769A23-0790-4405-9E88-9531D6E4D6EF}.Debug|Any CPU.ActiveCfg = Debug|Any CPU
		{69769A23-0790-4405-9E88-9531D6E4D6EF}.Debug|Any CPU.Build.0 = Debug|Any CPU
		{69769A23-0790-4405-9E88-9531D6E4D6EF}.Release|Any CPU.ActiveCfg = Release|Any CPU
		{69769A23-0790-4405-9E88-9531D6E4D6EF}.Release|Any CPU.Build.0 = Release|Any CPU
		{A22CCB90-2B21-4800-A3A8-3EF60C046981}.Debug|Any CPU.ActiveCfg = Debug|Any CPU
		{A22CCB90-2B21-4800-A3A8-3EF60C046981}.Debug|Any CPU.Build.0 = Debug|Any CPU
		{A22CCB90-2B21-4800-A3A8-3EF60C046981}.Release|Any CPU.ActiveCfg = Release|Any CPU
		{A22CCB90-2B21-4800-A3A8-3EF60C046981}.Release|Any CPU.Build.0 = Release|Any CPU
		{DC97DFAB-36FA-4AC4-A9C7-82C0F32BE3D8}.Debug|Any CPU.ActiveCfg = Debug|Any CPU
		{DC97DFAB-36FA-4AC4-A9C7-82C0F32BE3D8}.Debug|Any CPU.Build.0 = Debug|Any CPU
		{DC97DFAB-36FA-4AC4-A9C7-82C0F32BE3D8}.Release|Any CPU.ActiveCfg = Release|Any CPU
		{DC97DFAB-36FA-4AC4-A9C7-82C0F32BE3D8}.Release|Any CPU.Build.0 = Release|Any CPU
		{A0B61663-3DF0-42E1-B359-F108FA532791}.Debug|Any CPU.ActiveCfg = Debug|Any CPU
		{A0B61663-3DF0-42E1-B359-F108FA532791}.Debug|Any CPU.Build.0 = Debug|Any CPU
		{A0B61663-3DF0-42E1-B359-F108FA532791}.Release|Any CPU.ActiveCfg = Release|Any CPU
		{A0B61663-3DF0-42E1-B359-F108FA532791}.Release|Any CPU.Build.0 = Release|Any CPU
		{7104A7E3-28BC-4F24-8F74-E0A96AEB6AE7}.Debug|Any CPU.ActiveCfg = Debug|Any CPU
		{7104A7E3-28BC-4F24-8F74-E0A96AEB6AE7}.Debug|Any CPU.Build.0 = Debug|Any CPU
		{7104A7E3-28BC-4F24-8F74-E0A96AEB6AE7}.Release|Any CPU.ActiveCfg = Release|Any CPU
		{7104A7E3-28BC-4F24-8F74-E0A96AEB6AE7}.Release|Any CPU.Build.0 = Release|Any CPU
	EndGlobalSection
	GlobalSection(SolutionProperties) = preSolution
		HideSolutionNode = FALSE
	EndGlobalSection
	GlobalSection(NestedProjects) = preSolution
		{9B5FCD4F-CA59-4CC9-9A45-6C2FCB7A8C8B} = {87DF6A3E-7DC7-4474-ADAE-63E099D14FBF}
		{211B21B1-4E97-4D5D-BB50-915A53B215FB} = {7FF92304-5EE4-45A5-AC0E-6818B97F6542}
		{2651C983-D443-49BB-B1DF-FDB23BC897D5} = {7FF92304-5EE4-45A5-AC0E-6818B97F6542}
		{8E00E4CB-6ADE-4D4B-BDA8-F61F44F51B49} = {7FF92304-5EE4-45A5-AC0E-6818B97F6542}
		{69769A23-0790-4405-9E88-9531D6E4D6EF} = {211B21B1-4E97-4D5D-BB50-915A53B215FB}
		{A22CCB90-2B21-4800-A3A8-3EF60C046981} = {2651C983-D443-49BB-B1DF-FDB23BC897D5}
		{DC97DFAB-36FA-4AC4-A9C7-82C0F32BE3D8} = {8E00E4CB-6ADE-4D4B-BDA8-F61F44F51B49}
		{A0B61663-3DF0-42E1-B359-F108FA532791} = {B8BCE8C2-8EF3-49F9-9B51-19B4EC8D83F0}
		{7104A7E3-28BC-4F24-8F74-E0A96AEB6AE7} = {E6B735AE-D756-4BEA-A75B-A8B356560042}
	EndGlobalSection
	GlobalSection(ExtensibilityGlobals) = postSolution
		SolutionGuid = {6D75D713-7FF7-4CE4-A662-CA202068895F}
	EndGlobalSection
EndGlobal
